// !$*UTF8*$!
{
	archiveVersion = 1;
	classes = {
	};
	objectVersion = 46;
	objects = {

/* Begin PBXBuildFile section */
		095982001D624BE000B9D190 /* VTDefines.m in Sources */ = {isa = PBXBuildFile; fileRef = 095981FF1D624BE000B9D190 /* VTDefines.m */; };
		47535E861D90987D00512DF3 /* post-build-script.txt in Resources */ = {isa = PBXBuildFile; fileRef = 47535E851D90987D00512DF3 /* post-build-script.txt */; };
		478CE9861D99AB1900DAD61A /* VTDateTime.m in Sources */ = {isa = PBXBuildFile; fileRef = 7080EFD4115C35D00013C9C3 /* VTDateTime.m */; };
		478D01281D9B46B600F673CD /* CocoaLumberjack.framework in Frameworks */ = {isa = PBXBuildFile; fileRef = 478D01271D9B46B500F673CD /* CocoaLumberjack.framework */; };
		478D01291D9B46B600F673CD /* CocoaLumberjack.framework in Copy Frameworks */ = {isa = PBXBuildFile; fileRef = 478D01271D9B46B500F673CD /* CocoaLumberjack.framework */; settings = {ATTRIBUTES = (CodeSignOnCopy, RemoveHeadersOnCopy, ); }; };
		47FD75671D88944C00DEEE0E /* GPS-Action-Replay.app in Resources */ = {isa = PBXBuildFile; fileRef = 47FD75661D88944C00DEEE0E /* GPS-Action-Replay.app */; };
		7009C76B11BF52FF0076DB4D /* VTProgressTracker.m in Sources */ = {isa = PBXBuildFile; fileRef = 7009C76911BF52FF0076DB4D /* VTProgressTracker.m */; };
		70135D3711D082A50046A8BF /* DeviceSettingsController.m in Sources */ = {isa = PBXBuildFile; fileRef = 70135D3511D082A50046A8BF /* DeviceSettingsController.m */; };
		70135D3D11D0832C0046A8BF /* DeviceSettings.xib in Resources */ = {isa = PBXBuildFile; fileRef = 70135D3C11D0832C0046A8BF /* DeviceSettings.xib */; };
		70135ED111D825D90046A8BF /* VTDeviceSettingValue.m in Sources */ = {isa = PBXBuildFile; fileRef = 70135ED011D825D90046A8BF /* VTDeviceSettingValue.m */; };
		70135EE511D8359F0046A8BF /* VTDeclinationValue.m in Sources */ = {isa = PBXBuildFile; fileRef = 70135EE411D8359F0046A8BF /* VTDeclinationValue.m */; };
		701360A811D930C90046A8BF /* VTDeviceSettingMenu.m in Sources */ = {isa = PBXBuildFile; fileRef = 701360A711D930C90046A8BF /* VTDeviceSettingMenu.m */; };
		701363AD11D9D4030046A8BF /* VTFirmwareUpdateOperation.m in Sources */ = {isa = PBXBuildFile; fileRef = 701363AB11D9D4030046A8BF /* VTFirmwareUpdateOperation.m */; };
		7023A9ED11ACE1CC00975EC0 /* TrackLogViewController.m in Sources */ = {isa = PBXBuildFile; fileRef = 7023A9EC11ACE1CC00975EC0 /* TrackLogViewController.m */; };
		7023A9F111ACE36400975EC0 /* TrackLogView.xib in Resources */ = {isa = PBXBuildFile; fileRef = 7023A9F011ACE36400975EC0 /* TrackLogView.xib */; };
		7023AA2B11ACFA0300975EC0 /* TrackFileViewController.m in Sources */ = {isa = PBXBuildFile; fileRef = 7023AA2A11ACFA0300975EC0 /* TrackFileViewController.m */; };
		7023AA2F11ACFB9B00975EC0 /* TrackFileView.xib in Resources */ = {isa = PBXBuildFile; fileRef = 7023AA2E11ACFB9B00975EC0 /* TrackFileView.xib */; };
		7080EFD6115C35D00013C9C3 /* VTDateTime.m in Sources */ = {isa = PBXBuildFile; fileRef = 7080EFD4115C35D00013C9C3 /* VTDateTime.m */; };
		7080F18F115D7DA50013C9C3 /* VTFloat.m in Sources */ = {isa = PBXBuildFile; fileRef = 7080F18E115D7DA50013C9C3 /* VTFloat.m */; };
		708274F111B5D01300DD66FF /* VTTrackpointElement.m in Sources */ = {isa = PBXBuildFile; fileRef = 708274F011B5D01300DD66FF /* VTTrackpointElement.m */; };
		7082773511B8B88000DD66FF /* VTTrackpointsElement.m in Sources */ = {isa = PBXBuildFile; fileRef = 7082773411B8B88000DD66FF /* VTTrackpointsElement.m */; };
		7082777811B8EDF100DD66FF /* VTBoundaryElement.m in Sources */ = {isa = PBXBuildFile; fileRef = 7082777611B8EDF100DD66FF /* VTBoundaryElement.m */; };
		7082782E11BAF81D00DD66FF /* VTDeviceInfoElement.m in Sources */ = {isa = PBXBuildFile; fileRef = 7082782C11BAF81D00DD66FF /* VTDeviceInfoElement.m */; };
		7082784B11BB01D400DD66FF /* VTXmlDate.m in Sources */ = {isa = PBXBuildFile; fileRef = 7082784911BB01D400DD66FF /* VTXmlDate.m */; };
		708278C411BB513E00DD66FF /* VTCapturedTrackElement.m in Sources */ = {isa = PBXBuildFile; fileRef = 708278C211BB513E00DD66FF /* VTCapturedTrackElement.m */; };
		7082796F11BC5D2200DD66FF /* VTVccXmlDoc.m in Sources */ = {isa = PBXBuildFile; fileRef = 7082796D11BC5D2200DD66FF /* VTVccXmlDoc.m */; };
		7082797511BC5E4800DD66FF /* VTVccRootElement.m in Sources */ = {isa = PBXBuildFile; fileRef = 7082797311BC5E4800DD66FF /* VTVccRootElement.m */; };
		7086DAB111EE89FB00EEC381 /* TrackpointsToKml.xslt in Resources */ = {isa = PBXBuildFile; fileRef = 7086DAAF11EE89FB00EEC381 /* TrackpointsToKml.xslt */; };
		7086DABE11EF96AF00EEC381 /* TrackpointsToGpx.xslt in Resources */ = {isa = PBXBuildFile; fileRef = 7086DAB011EE89FB00EEC381 /* TrackpointsToGpx.xslt */; };
		709C839C11AD1A4100663AFB /* MainWindowController.m in Sources */ = {isa = PBXBuildFile; fileRef = 709C839B11AD1A4100663AFB /* MainWindowController.m */; };
		709C83BB11AD1CBE00663AFB /* MainWindow.xib in Resources */ = {isa = PBXBuildFile; fileRef = 709C83BA11AD1CBE00663AFB /* MainWindow.xib */; };
		709C86B811AF73C100663AFB /* VTTrackFromDevice.m in Sources */ = {isa = PBXBuildFile; fileRef = 709C86B711AF73C100663AFB /* VTTrackFromDevice.m */; };
		70A6B83F11C4658200662C55 /* VTTrackDownloadOperation.m in Sources */ = {isa = PBXBuildFile; fileRef = 70A6B83D11C4658200662C55 /* VTTrackDownloadOperation.m */; };
		70DDE81111C9ADFC00762CE2 /* VTVccFile.m in Sources */ = {isa = PBXBuildFile; fileRef = 70DDE80F11C9ADFC00762CE2 /* VTVccFile.m */; };
		70FB5CF41171ADE6009E2E8C /* VTFirmwareFile.m in Sources */ = {isa = PBXBuildFile; fileRef = 70FB5CF31171ADE6009E2E8C /* VTFirmwareFile.m */; };
		70FBA0C41161A477005BE3B4 /* VTRecord.m in Sources */ = {isa = PBXBuildFile; fileRef = 70FBA0C31161A477005BE3B4 /* VTRecord.m */; };
		77C8C1F90C07829500965286 /* MainMenu.xib in Resources */ = {isa = PBXBuildFile; fileRef = 77C8C1F70C07829500965286 /* MainMenu.xib */; };
		8D11072B0486CEB800E47090 /* InfoPlist.strings in Resources */ = {isa = PBXBuildFile; fileRef = 089C165CFE840E0CC02AAC07 /* InfoPlist.strings */; };
		8D11072D0486CEB800E47090 /* main.m in Sources */ = {isa = PBXBuildFile; fileRef = 29B97316FDCFA39411CA2CEA /* main.m */; settings = {ATTRIBUTES = (); }; };
		8D11072F0486CEB800E47090 /* Cocoa.framework in Frameworks */ = {isa = PBXBuildFile; fileRef = 1058C7A1FEA54F0111CA2CBB /* Cocoa.framework */; };
		ED2A01610F339B8F005C0CE0 /* VTConnection.m in Sources */ = {isa = PBXBuildFile; fileRef = ED2A015F0F339B8F005C0CE0 /* VTConnection.m */; };
		ED2B25030F261CAB00A5EDDB /* VTGlobals.m in Sources */ = {isa = PBXBuildFile; fileRef = ED2B25010F261CAB00A5EDDB /* VTGlobals.m */; };
		ED3976741C427AEB00147C1F /* README.md in Resources */ = {isa = PBXBuildFile; fileRef = ED3976731C427AEB00147C1F /* README.md */; };
		ED4B99C80F1548A000AF563B /* VTDevice.m in Sources */ = {isa = PBXBuildFile; fileRef = ED4B99C70F1548A000AF563B /* VTDevice.m */; };
		ED4B9A590F155F8700AF563B /* VTDeviceLoader.m in Sources */ = {isa = PBXBuildFile; fileRef = ED4B9A580F155F8700AF563B /* VTDeviceLoader.m */; };
		ED4B9ADC0F156BBB00AF563B /* IOKit.framework in Frameworks */ = {isa = PBXBuildFile; fileRef = EDFC3F690EF8948D00E1DD2F /* IOKit.framework */; };
		ED80A45F1C4A57A9003DF999 /* libftd2xx.1.2.2.dylib in Resources */ = {isa = PBXBuildFile; fileRef = ED80A45E1C4A57A9003DF999 /* libftd2xx.1.2.2.dylib */; };
		EDA9F4020F16B638004112D5 /* VTCommand.m in Sources */ = {isa = PBXBuildFile; fileRef = EDA9F4000F16B638004112D5 /* VTCommand.m */; };
		EDE897E41158CDCF009E8151 /* tool.m in Sources */ = {isa = PBXBuildFile; fileRef = EDE897E31158CDCF009E8151 /* tool.m */; };
		EDE897E61158CE3A009E8151 /* VTGlobals.m in Sources */ = {isa = PBXBuildFile; fileRef = ED2B25010F261CAB00A5EDDB /* VTGlobals.m */; };
		EDE8982E1158D31D009E8151 /* IOKit.framework in Frameworks */ = {isa = PBXBuildFile; fileRef = EDFC3F690EF8948D00E1DD2F /* IOKit.framework */; };
		EDE8982F1158D31D009E8151 /* Cocoa.framework in Frameworks */ = {isa = PBXBuildFile; fileRef = 1058C7A1FEA54F0111CA2CBB /* Cocoa.framework */; };
		EDF7261E0F3E274E00E503AE /* VTAppDelegate.m in Sources */ = {isa = PBXBuildFile; fileRef = EDF7261D0F3E274E00E503AE /* VTAppDelegate.m */; };
		EDF726C20F422E1D00E503AE /* SpeedPuck.icns in Resources */ = {isa = PBXBuildFile; fileRef = EDF726C10F422E1D00E503AE /* SpeedPuck.icns */; };
		EDF726E50F42318F00E503AE /* S10.jpg in Resources */ = {isa = PBXBuildFile; fileRef = EDF726E30F42318F00E503AE /* S10.jpg */; };
		EDF726E60F42318F00E503AE /* SC1.jpg in Resources */ = {isa = PBXBuildFile; fileRef = EDF726E40F42318F00E503AE /* SC1.jpg */; };
		EDFC3EF70EF81CCF00E1DD2F /* dsa_pub.pem in Resources */ = {isa = PBXBuildFile; fileRef = EDFC3EF60EF81CCF00E1DD2F /* dsa_pub.pem */; };
		EDFC3F4E0EF88A5A00E1DD2F /* velocitool.icns in Resources */ = {isa = PBXBuildFile; fileRef = EDFC3F4D0EF88A5A00E1DD2F /* velocitool.icns */; };
/* End PBXBuildFile section */

/* Begin PBXCopyFilesBuildPhase section */
		7086E29411F531DB00EEC381 /* CopyFiles */ = {
			isa = PBXCopyFilesBuildPhase;
			buildActionMask = 2147483647;
			dstPath = "";
			dstSubfolderSpec = 7;
			files = (
			);
			runOnlyForDeploymentPostprocessing = 0;
		};
		EDB756F11236BCD700B9A1A4 /* Copy Frameworks */ = {
			isa = PBXCopyFilesBuildPhase;
			buildActionMask = 2147483647;
			dstPath = "";
			dstSubfolderSpec = 10;
			files = (
				478D01291D9B46B600F673CD /* CocoaLumberjack.framework in Copy Frameworks */,
			);
			name = "Copy Frameworks";
			runOnlyForDeploymentPostprocessing = 0;
		};
/* End PBXCopyFilesBuildPhase section */

/* Begin PBXFileReference section */
		089C165DFE840E0CC02AAC07 /* English */ = {isa = PBXFileReference; fileEncoding = 10; lastKnownFileType = text.plist.strings; name = English; path = English.lproj/InfoPlist.strings; sourceTree = "<group>"; };
		095981FE1D624BE000B9D190 /* VTDefines.h */ = {isa = PBXFileReference; fileEncoding = 4; lastKnownFileType = sourcecode.c.h; path = VTDefines.h; sourceTree = "<group>"; };
		095981FF1D624BE000B9D190 /* VTDefines.m */ = {isa = PBXFileReference; fileEncoding = 4; lastKnownFileType = sourcecode.c.objc; path = VTDefines.m; sourceTree = "<group>"; };
		1058C7A1FEA54F0111CA2CBB /* Cocoa.framework */ = {isa = PBXFileReference; lastKnownFileType = wrapper.framework; name = Cocoa.framework; path = /System/Library/Frameworks/Cocoa.framework; sourceTree = "<absolute>"; };
		13E42FB307B3F0F600E4EEF1 /* CoreData.framework */ = {isa = PBXFileReference; lastKnownFileType = wrapper.framework; name = CoreData.framework; path = /System/Library/Frameworks/CoreData.framework; sourceTree = "<absolute>"; };
		29B97316FDCFA39411CA2CEA /* main.m */ = {isa = PBXFileReference; fileEncoding = 4; lastKnownFileType = sourcecode.c.objc; path = main.m; sourceTree = "<group>"; };
		29B97324FDCFA39411CA2CEA /* AppKit.framework */ = {isa = PBXFileReference; lastKnownFileType = wrapper.framework; name = AppKit.framework; path = /System/Library/Frameworks/AppKit.framework; sourceTree = "<absolute>"; };
		29B97325FDCFA39411CA2CEA /* Foundation.framework */ = {isa = PBXFileReference; lastKnownFileType = wrapper.framework; name = Foundation.framework; path = /System/Library/Frameworks/Foundation.framework; sourceTree = "<absolute>"; };
		32CA4F630368D1EE00C91783 /* Velocitool_Prefix.pch */ = {isa = PBXFileReference; fileEncoding = 4; lastKnownFileType = sourcecode.c.h; path = Velocitool_Prefix.pch; sourceTree = "<group>"; };
		47535E851D90987D00512DF3 /* post-build-script.txt */ = {isa = PBXFileReference; fileEncoding = 4; lastKnownFileType = text; path = "post-build-script.txt"; sourceTree = "<group>"; };
		478D01271D9B46B500F673CD /* CocoaLumberjack.framework */ = {isa = PBXFileReference; lastKnownFileType = wrapper.framework; name = CocoaLumberjack.framework; path = Carthage/Build/Mac/CocoaLumberjack.framework; sourceTree = "<group>"; };
		478D012B1D9B46F900F673CD /* CocoaLumberjack.framework.dSYM */ = {isa = PBXFileReference; lastKnownFileType = wrapper.dsym; name = CocoaLumberjack.framework.dSYM; path = Carthage/Build/Mac/CocoaLumberjack.framework.dSYM; sourceTree = "<group>"; };
		47FD75661D88944C00DEEE0E /* GPS-Action-Replay.app */ = {isa = PBXFileReference; lastKnownFileType = wrapper.application; name = "GPS-Action-Replay.app"; path = "../app-bundler/build/GPS-Action-Replay.app"; sourceTree = "<group>"; };
		7009C76811BF52FF0076DB4D /* VTProgressTracker.h */ = {isa = PBXFileReference; fileEncoding = 4; lastKnownFileType = sourcecode.c.h; path = VTProgressTracker.h; sourceTree = "<group>"; };
		7009C76911BF52FF0076DB4D /* VTProgressTracker.m */ = {isa = PBXFileReference; fileEncoding = 4; lastKnownFileType = sourcecode.c.objc; path = VTProgressTracker.m; sourceTree = "<group>"; };
		70135D3411D082A50046A8BF /* DeviceSettingsController.h */ = {isa = PBXFileReference; fileEncoding = 4; lastKnownFileType = sourcecode.c.h; path = DeviceSettingsController.h; sourceTree = "<group>"; };
		70135D3511D082A50046A8BF /* DeviceSettingsController.m */ = {isa = PBXFileReference; fileEncoding = 4; lastKnownFileType = sourcecode.c.objc; path = DeviceSettingsController.m; sourceTree = "<group>"; };
		70135D3C11D0832C0046A8BF /* DeviceSettings.xib */ = {isa = PBXFileReference; lastKnownFileType = file.xib; path = DeviceSettings.xib; sourceTree = "<group>"; };
		70135ECF11D825D90046A8BF /* VTDeviceSettingValue.h */ = {isa = PBXFileReference; fileEncoding = 4; lastKnownFileType = sourcecode.c.h; path = VTDeviceSettingValue.h; sourceTree = "<group>"; };
		70135ED011D825D90046A8BF /* VTDeviceSettingValue.m */ = {isa = PBXFileReference; fileEncoding = 4; lastKnownFileType = sourcecode.c.objc; path = VTDeviceSettingValue.m; sourceTree = "<group>"; };
		70135EE311D8359F0046A8BF /* VTDeclinationValue.h */ = {isa = PBXFileReference; fileEncoding = 4; lastKnownFileType = sourcecode.c.h; path = VTDeclinationValue.h; sourceTree = "<group>"; };
		70135EE411D8359F0046A8BF /* VTDeclinationValue.m */ = {isa = PBXFileReference; fileEncoding = 4; lastKnownFileType = sourcecode.c.objc; path = VTDeclinationValue.m; sourceTree = "<group>"; };
		701360A611D930C90046A8BF /* VTDeviceSettingMenu.h */ = {isa = PBXFileReference; fileEncoding = 4; lastKnownFileType = sourcecode.c.h; path = VTDeviceSettingMenu.h; sourceTree = "<group>"; };
		701360A711D930C90046A8BF /* VTDeviceSettingMenu.m */ = {isa = PBXFileReference; fileEncoding = 4; lastKnownFileType = sourcecode.c.objc; path = VTDeviceSettingMenu.m; sourceTree = "<group>"; };
		701363AA11D9D4030046A8BF /* VTFirmwareUpdateOperation.h */ = {isa = PBXFileReference; fileEncoding = 4; lastKnownFileType = sourcecode.c.h; path = VTFirmwareUpdateOperation.h; sourceTree = "<group>"; };
		701363AB11D9D4030046A8BF /* VTFirmwareUpdateOperation.m */ = {isa = PBXFileReference; fileEncoding = 4; lastKnownFileType = sourcecode.c.objc; path = VTFirmwareUpdateOperation.m; sourceTree = "<group>"; };
		7023A9EB11ACE1CC00975EC0 /* TrackLogViewController.h */ = {isa = PBXFileReference; fileEncoding = 4; lastKnownFileType = sourcecode.c.h; path = TrackLogViewController.h; sourceTree = "<group>"; };
		7023A9EC11ACE1CC00975EC0 /* TrackLogViewController.m */ = {isa = PBXFileReference; fileEncoding = 4; lastKnownFileType = sourcecode.c.objc; path = TrackLogViewController.m; sourceTree = "<group>"; };
		7023A9F011ACE36400975EC0 /* TrackLogView.xib */ = {isa = PBXFileReference; lastKnownFileType = file.xib; path = TrackLogView.xib; sourceTree = "<group>"; };
		7023AA2911ACFA0300975EC0 /* TrackFileViewController.h */ = {isa = PBXFileReference; fileEncoding = 4; lastKnownFileType = sourcecode.c.h; path = TrackFileViewController.h; sourceTree = "<group>"; };
		7023AA2A11ACFA0300975EC0 /* TrackFileViewController.m */ = {isa = PBXFileReference; fileEncoding = 4; lastKnownFileType = sourcecode.c.objc; path = TrackFileViewController.m; sourceTree = "<group>"; };
		7023AA2E11ACFB9B00975EC0 /* TrackFileView.xib */ = {isa = PBXFileReference; lastKnownFileType = file.xib; path = TrackFileView.xib; sourceTree = "<group>"; };
		7080EFD3115C35D00013C9C3 /* VTDateTime.h */ = {isa = PBXFileReference; fileEncoding = 4; lastKnownFileType = sourcecode.c.h; path = VTDateTime.h; sourceTree = "<group>"; };
		7080EFD4115C35D00013C9C3 /* VTDateTime.m */ = {isa = PBXFileReference; fileEncoding = 4; lastKnownFileType = sourcecode.c.objc; path = VTDateTime.m; sourceTree = "<group>"; };
		7080F18D115D7DA50013C9C3 /* VTFloat.h */ = {isa = PBXFileReference; fileEncoding = 4; lastKnownFileType = sourcecode.c.h; path = VTFloat.h; sourceTree = "<group>"; };
		7080F18E115D7DA50013C9C3 /* VTFloat.m */ = {isa = PBXFileReference; fileEncoding = 4; lastKnownFileType = sourcecode.c.objc; path = VTFloat.m; sourceTree = "<group>"; };
		708274EF11B5D01300DD66FF /* VTTrackpointElement.h */ = {isa = PBXFileReference; fileEncoding = 4; lastKnownFileType = sourcecode.c.h; path = VTTrackpointElement.h; sourceTree = "<group>"; };
		708274F011B5D01300DD66FF /* VTTrackpointElement.m */ = {isa = PBXFileReference; fileEncoding = 4; lastKnownFileType = sourcecode.c.objc; path = VTTrackpointElement.m; sourceTree = "<group>"; };
		7082773311B8B88000DD66FF /* VTTrackpointsElement.h */ = {isa = PBXFileReference; fileEncoding = 4; lastKnownFileType = sourcecode.c.h; path = VTTrackpointsElement.h; sourceTree = "<group>"; };
		7082773411B8B88000DD66FF /* VTTrackpointsElement.m */ = {isa = PBXFileReference; fileEncoding = 4; lastKnownFileType = sourcecode.c.objc; path = VTTrackpointsElement.m; sourceTree = "<group>"; };
		7082777511B8EDF100DD66FF /* VTBoundaryElement.h */ = {isa = PBXFileReference; fileEncoding = 4; lastKnownFileType = sourcecode.c.h; path = VTBoundaryElement.h; sourceTree = "<group>"; };
		7082777611B8EDF100DD66FF /* VTBoundaryElement.m */ = {isa = PBXFileReference; fileEncoding = 4; lastKnownFileType = sourcecode.c.objc; path = VTBoundaryElement.m; sourceTree = "<group>"; };
		7082782B11BAF81D00DD66FF /* VTDeviceInfoElement.h */ = {isa = PBXFileReference; fileEncoding = 4; lastKnownFileType = sourcecode.c.h; path = VTDeviceInfoElement.h; sourceTree = "<group>"; };
		7082782C11BAF81D00DD66FF /* VTDeviceInfoElement.m */ = {isa = PBXFileReference; fileEncoding = 4; lastKnownFileType = sourcecode.c.objc; path = VTDeviceInfoElement.m; sourceTree = "<group>"; };
		7082784811BB01D400DD66FF /* VTXmlDate.h */ = {isa = PBXFileReference; fileEncoding = 4; lastKnownFileType = sourcecode.c.h; path = VTXmlDate.h; sourceTree = "<group>"; };
		7082784911BB01D400DD66FF /* VTXmlDate.m */ = {isa = PBXFileReference; fileEncoding = 4; lastKnownFileType = sourcecode.c.objc; path = VTXmlDate.m; sourceTree = "<group>"; };
		708278C111BB513E00DD66FF /* VTCapturedTrackElement.h */ = {isa = PBXFileReference; fileEncoding = 4; lastKnownFileType = sourcecode.c.h; path = VTCapturedTrackElement.h; sourceTree = "<group>"; };
		708278C211BB513E00DD66FF /* VTCapturedTrackElement.m */ = {isa = PBXFileReference; fileEncoding = 4; lastKnownFileType = sourcecode.c.objc; path = VTCapturedTrackElement.m; sourceTree = "<group>"; };
		7082796C11BC5D2200DD66FF /* VTVccXmlDoc.h */ = {isa = PBXFileReference; fileEncoding = 4; lastKnownFileType = sourcecode.c.h; path = VTVccXmlDoc.h; sourceTree = "<group>"; };
		7082796D11BC5D2200DD66FF /* VTVccXmlDoc.m */ = {isa = PBXFileReference; fileEncoding = 4; lastKnownFileType = sourcecode.c.objc; path = VTVccXmlDoc.m; sourceTree = "<group>"; };
		7082797211BC5E4800DD66FF /* VTVccRootElement.h */ = {isa = PBXFileReference; fileEncoding = 4; lastKnownFileType = sourcecode.c.h; path = VTVccRootElement.h; sourceTree = "<group>"; };
		7082797311BC5E4800DD66FF /* VTVccRootElement.m */ = {isa = PBXFileReference; fileEncoding = 4; lastKnownFileType = sourcecode.c.objc; path = VTVccRootElement.m; sourceTree = "<group>"; };
		7086DAAF11EE89FB00EEC381 /* TrackpointsToKml.xslt */ = {isa = PBXFileReference; fileEncoding = 4; lastKnownFileType = text.xml; path = TrackpointsToKml.xslt; sourceTree = "<group>"; };
		7086DAB011EE89FB00EEC381 /* TrackpointsToGpx.xslt */ = {isa = PBXFileReference; fileEncoding = 4; lastKnownFileType = text.xml; path = TrackpointsToGpx.xslt; sourceTree = "<group>"; };
		709C839A11AD1A4100663AFB /* MainWindowController.h */ = {isa = PBXFileReference; fileEncoding = 4; lastKnownFileType = sourcecode.c.h; path = MainWindowController.h; sourceTree = "<group>"; };
		709C839B11AD1A4100663AFB /* MainWindowController.m */ = {isa = PBXFileReference; fileEncoding = 4; lastKnownFileType = sourcecode.c.objc; path = MainWindowController.m; sourceTree = "<group>"; };
		709C83BA11AD1CBE00663AFB /* MainWindow.xib */ = {isa = PBXFileReference; lastKnownFileType = file.xib; path = MainWindow.xib; sourceTree = "<group>"; };
		709C86B611AF73C100663AFB /* VTTrackFromDevice.h */ = {isa = PBXFileReference; fileEncoding = 4; lastKnownFileType = sourcecode.c.h; path = VTTrackFromDevice.h; sourceTree = "<group>"; };
		709C86B711AF73C100663AFB /* VTTrackFromDevice.m */ = {isa = PBXFileReference; fileEncoding = 4; lastKnownFileType = sourcecode.c.objc; path = VTTrackFromDevice.m; sourceTree = "<group>"; };
		70A6B83C11C4658200662C55 /* VTTrackDownloadOperation.h */ = {isa = PBXFileReference; fileEncoding = 4; lastKnownFileType = sourcecode.c.h; path = VTTrackDownloadOperation.h; sourceTree = "<group>"; };
		70A6B83D11C4658200662C55 /* VTTrackDownloadOperation.m */ = {isa = PBXFileReference; fileEncoding = 4; lastKnownFileType = sourcecode.c.objc; path = VTTrackDownloadOperation.m; sourceTree = "<group>"; };
		70DDE80E11C9ADFC00762CE2 /* VTVccFile.h */ = {isa = PBXFileReference; fileEncoding = 4; lastKnownFileType = sourcecode.c.h; path = VTVccFile.h; sourceTree = "<group>"; };
		70DDE80F11C9ADFC00762CE2 /* VTVccFile.m */ = {isa = PBXFileReference; fileEncoding = 4; lastKnownFileType = sourcecode.c.objc; path = VTVccFile.m; sourceTree = "<group>"; };
		70FB5CF21171ADE6009E2E8C /* VTFirmwareFile.h */ = {isa = PBXFileReference; fileEncoding = 4; lastKnownFileType = sourcecode.c.h; path = VTFirmwareFile.h; sourceTree = "<group>"; };
		70FB5CF31171ADE6009E2E8C /* VTFirmwareFile.m */ = {isa = PBXFileReference; fileEncoding = 4; lastKnownFileType = sourcecode.c.objc; path = VTFirmwareFile.m; sourceTree = "<group>"; };
		70FBA0C21161A477005BE3B4 /* VTRecord.h */ = {isa = PBXFileReference; fileEncoding = 4; lastKnownFileType = sourcecode.c.h; path = VTRecord.h; sourceTree = "<group>"; };
		70FBA0C31161A477005BE3B4 /* VTRecord.m */ = {isa = PBXFileReference; fileEncoding = 4; lastKnownFileType = sourcecode.c.objc; path = VTRecord.m; sourceTree = "<group>"; };
		77631A260C06C501005415CB /* Python.framework */ = {isa = PBXFileReference; lastKnownFileType = wrapper.framework; name = Python.framework; path = /System/Library/Frameworks/Python.framework; sourceTree = "<absolute>"; };
		77C8C1F80C07829500965286 /* English */ = {isa = PBXFileReference; lastKnownFileType = file.xib; name = English; path = English.lproj/MainMenu.xib; sourceTree = "<group>"; };
		8D1107310486CEB800E47090 /* Info.plist */ = {isa = PBXFileReference; fileEncoding = 4; lastKnownFileType = text.plist.xml; path = Info.plist; sourceTree = "<group>"; };
		8D1107320486CEB800E47090 /* Velocitek Control Center.app */ = {isa = PBXFileReference; explicitFileType = wrapper.application; includeInIndex = 0; path = "Velocitek Control Center.app"; sourceTree = BUILT_PRODUCTS_DIR; };
		ED2A015E0F339B8F005C0CE0 /* VTConnection.h */ = {isa = PBXFileReference; fileEncoding = 4; lastKnownFileType = sourcecode.c.h; path = VTConnection.h; sourceTree = "<group>"; };
		ED2A015F0F339B8F005C0CE0 /* VTConnection.m */ = {isa = PBXFileReference; fileEncoding = 4; lastKnownFileType = sourcecode.c.objc; path = VTConnection.m; sourceTree = "<group>"; };
		ED2B25000F261CAB00A5EDDB /* VTGlobals.h */ = {isa = PBXFileReference; fileEncoding = 4; lastKnownFileType = sourcecode.c.h; path = VTGlobals.h; sourceTree = "<group>"; };
		ED2B25010F261CAB00A5EDDB /* VTGlobals.m */ = {isa = PBXFileReference; fileEncoding = 4; lastKnownFileType = sourcecode.c.objc; path = VTGlobals.m; sourceTree = "<group>"; };
		ED3976731C427AEB00147C1F /* README.md */ = {isa = PBXFileReference; explicitFileType = net.daringfireball.markdown; fileEncoding = 4; name = README.md; path = ../README.md; sourceTree = SOURCE_ROOT; };
		ED4B99C60F1548A000AF563B /* VTDevice.h */ = {isa = PBXFileReference; fileEncoding = 4; lastKnownFileType = sourcecode.c.h; path = VTDevice.h; sourceTree = "<group>"; };
		ED4B99C70F1548A000AF563B /* VTDevice.m */ = {isa = PBXFileReference; fileEncoding = 4; lastKnownFileType = sourcecode.c.objc; path = VTDevice.m; sourceTree = "<group>"; };
		ED4B9A570F155F8700AF563B /* VTDeviceLoader.h */ = {isa = PBXFileReference; fileEncoding = 4; lastKnownFileType = sourcecode.c.h; path = VTDeviceLoader.h; sourceTree = "<group>"; };
		ED4B9A580F155F8700AF563B /* VTDeviceLoader.m */ = {isa = PBXFileReference; fileEncoding = 4; lastKnownFileType = sourcecode.c.objc; path = VTDeviceLoader.m; sourceTree = "<group>"; };
		ED6505F90F099EDD0018D068 /* libftd2xx.0.1.7.dylib */ = {isa = PBXFileReference; explicitFileType = "compiled.mach-o.dylib"; path = libftd2xx.0.1.7.dylib; sourceTree = "<group>"; };
		ED6505FE0F099EFE0018D068 /* ftd2xx.h */ = {isa = PBXFileReference; fileEncoding = 4; lastKnownFileType = sourcecode.c.h; path = ftd2xx.h; sourceTree = "<group>"; };
		ED6C716F0F09A89D00BF3260 /* WinTypes.h */ = {isa = PBXFileReference; fileEncoding = 4; lastKnownFileType = sourcecode.c.h; path = WinTypes.h; sourceTree = "<group>"; };
		ED80A45E1C4A57A9003DF999 /* libftd2xx.1.2.2.dylib */ = {isa = PBXFileReference; lastKnownFileType = "compiled.mach-o.dylib"; path = libftd2xx.1.2.2.dylib; sourceTree = "<group>"; };
		EDA9F3FF0F16B638004112D5 /* VTCommand.h */ = {isa = PBXFileReference; fileEncoding = 4; lastKnownFileType = sourcecode.c.h; path = VTCommand.h; sourceTree = "<group>"; };
		EDA9F4000F16B638004112D5 /* VTCommand.m */ = {isa = PBXFileReference; fileEncoding = 4; lastKnownFileType = sourcecode.c.objc; path = VTCommand.m; sourceTree = "<group>"; };
		EDE897DA1158CD2D009E8151 /* Tool */ = {isa = PBXFileReference; explicitFileType = "compiled.mach-o.executable"; includeInIndex = 0; path = Tool; sourceTree = BUILT_PRODUCTS_DIR; };
		EDE897E31158CDCF009E8151 /* tool.m */ = {isa = PBXFileReference; fileEncoding = 4; lastKnownFileType = sourcecode.c.objc; path = tool.m; sourceTree = "<group>"; };
		EDF7261C0F3E274E00E503AE /* VTAppDelegate.h */ = {isa = PBXFileReference; fileEncoding = 4; lastKnownFileType = sourcecode.c.h; path = VTAppDelegate.h; sourceTree = "<group>"; };
		EDF7261D0F3E274E00E503AE /* VTAppDelegate.m */ = {isa = PBXFileReference; fileEncoding = 4; lastKnownFileType = sourcecode.c.objc; path = VTAppDelegate.m; sourceTree = "<group>"; };
		EDF726C10F422E1D00E503AE /* SpeedPuck.icns */ = {isa = PBXFileReference; lastKnownFileType = image.icns; path = SpeedPuck.icns; sourceTree = "<group>"; };
		EDF726E30F42318F00E503AE /* S10.jpg */ = {isa = PBXFileReference; lastKnownFileType = image.jpeg; path = S10.jpg; sourceTree = "<group>"; };
		EDF726E40F42318F00E503AE /* SC1.jpg */ = {isa = PBXFileReference; lastKnownFileType = image.jpeg; path = SC1.jpg; sourceTree = "<group>"; };
		EDFC3EF60EF81CCF00E1DD2F /* dsa_pub.pem */ = {isa = PBXFileReference; fileEncoding = 4; lastKnownFileType = text; path = dsa_pub.pem; sourceTree = "<group>"; };
		EDFC3F4D0EF88A5A00E1DD2F /* velocitool.icns */ = {isa = PBXFileReference; lastKnownFileType = image.icns; path = velocitool.icns; sourceTree = "<group>"; };
		EDFC3F680EF8948D00E1DD2F /* CoreFoundation.framework */ = {isa = PBXFileReference; lastKnownFileType = wrapper.framework; name = CoreFoundation.framework; path = /System/Library/Frameworks/CoreFoundation.framework; sourceTree = "<absolute>"; };
		EDFC3F690EF8948D00E1DD2F /* IOKit.framework */ = {isa = PBXFileReference; lastKnownFileType = wrapper.framework; name = IOKit.framework; path = /System/Library/Frameworks/IOKit.framework; sourceTree = "<absolute>"; };
/* End PBXFileReference section */

/* Begin PBXFrameworksBuildPhase section */
		8D11072E0486CEB800E47090 /* Frameworks */ = {
			isa = PBXFrameworksBuildPhase;
			buildActionMask = 2147483647;
			files = (
				ED4B9ADC0F156BBB00AF563B /* IOKit.framework in Frameworks */,
				478D01281D9B46B600F673CD /* CocoaLumberjack.framework in Frameworks */,
				8D11072F0486CEB800E47090 /* Cocoa.framework in Frameworks */,
			);
			runOnlyForDeploymentPostprocessing = 0;
		};
		EDE897D81158CD2D009E8151 /* Frameworks */ = {
			isa = PBXFrameworksBuildPhase;
			buildActionMask = 2147483647;
			files = (
				EDE8982E1158D31D009E8151 /* IOKit.framework in Frameworks */,
				EDE8982F1158D31D009E8151 /* Cocoa.framework in Frameworks */,
			);
			runOnlyForDeploymentPostprocessing = 0;
		};
/* End PBXFrameworksBuildPhase section */

/* Begin PBXGroup section */
		1058C7A0FEA54F0111CA2CBB /* Linked Frameworks */ = {
			isa = PBXGroup;
			children = (
				77631A260C06C501005415CB /* Python.framework */,
				1058C7A1FEA54F0111CA2CBB /* Cocoa.framework */,
			);
			name = "Linked Frameworks";
			sourceTree = "<group>";
		};
		1058C7A2FEA54F0111CA2CBB /* Other Frameworks */ = {
			isa = PBXGroup;
			children = (
				EDFC3F680EF8948D00E1DD2F /* CoreFoundation.framework */,
				EDFC3F690EF8948D00E1DD2F /* IOKit.framework */,
				29B97324FDCFA39411CA2CEA /* AppKit.framework */,
				13E42FB307B3F0F600E4EEF1 /* CoreData.framework */,
				29B97325FDCFA39411CA2CEA /* Foundation.framework */,
			);
			name = "Other Frameworks";
			sourceTree = "<group>";
		};
		19C28FACFE9D520D11CA2CBB /* Products */ = {
			isa = PBXGroup;
			children = (
				8D1107320486CEB800E47090 /* Velocitek Control Center.app */,
				EDE897DA1158CD2D009E8151 /* Tool */,
			);
			name = Products;
			sourceTree = "<group>";
		};
		29B97314FDCFA39411CA2CEA /* Velocitool */ = {
			isa = PBXGroup;
			children = (
				478D012B1D9B46F900F673CD /* CocoaLumberjack.framework.dSYM */,
				478D01271D9B46B500F673CD /* CocoaLumberjack.framework */,
				47535E851D90987D00512DF3 /* post-build-script.txt */,
				ED3976731C427AEB00147C1F /* README.md */,
				ED2A015D0F339B6A005C0CE0 /* Communication */,
				708274E211B5CF9B00DD66FF /* XML */,
				EDE897E21158CD82009E8151 /* CmdLine */,
				ED21C5D30F64779E002BE074 /* View */,
				29B97315FDCFA39411CA2CEA /* Other Sources */,
				29B97317FDCFA39411CA2CEA /* Resources */,
				29B97323FDCFA39411CA2CEA /* Frameworks */,
				19C28FACFE9D520D11CA2CBB /* Products */,
			);
			name = Velocitool;
			sourceTree = "<group>";
		};
		29B97315FDCFA39411CA2CEA /* Other Sources */ = {
			isa = PBXGroup;
			children = (
				32CA4F630368D1EE00C91783 /* Velocitool_Prefix.pch */,
				29B97316FDCFA39411CA2CEA /* main.m */,
			);
			name = "Other Sources";
			sourceTree = "<group>";
		};
		29B97317FDCFA39411CA2CEA /* Resources */ = {
			isa = PBXGroup;
			children = (
				47FD75661D88944C00DEEE0E /* GPS-Action-Replay.app */,
				EDF727250F4234B700E503AE /* images */,
				7080EDF61159AA510013C9C3 /* libftd2xx.0.1.7.dylib */,
				EDFC3F4D0EF88A5A00E1DD2F /* velocitool.icns */,
				EDFC3EF60EF81CCF00E1DD2F /* dsa_pub.pem */,
				70135D3C11D0832C0046A8BF /* DeviceSettings.xib */,
				77C8C1F70C07829500965286 /* MainMenu.xib */,
				8D1107310486CEB800E47090 /* Info.plist */,
				089C165CFE840E0CC02AAC07 /* InfoPlist.strings */,
				7023A9F011ACE36400975EC0 /* TrackLogView.xib */,
				7023AA2E11ACFB9B00975EC0 /* TrackFileView.xib */,
				709C83BA11AD1CBE00663AFB /* MainWindow.xib */,
			);
			name = Resources;
			sourceTree = "<group>";
		};
		29B97323FDCFA39411CA2CEA /* Frameworks */ = {
			isa = PBXGroup;
			children = (
				1058C7A0FEA54F0111CA2CBB /* Linked Frameworks */,
				1058C7A2FEA54F0111CA2CBB /* Other Frameworks */,
			);
			name = Frameworks;
			sourceTree = "<group>";
		};
		708274E211B5CF9B00DD66FF /* XML */ = {
			isa = PBXGroup;
			children = (
				7086DAAF11EE89FB00EEC381 /* TrackpointsToKml.xslt */,
				7086DAB011EE89FB00EEC381 /* TrackpointsToGpx.xslt */,
				70DDE80E11C9ADFC00762CE2 /* VTVccFile.h */,
				70DDE80F11C9ADFC00762CE2 /* VTVccFile.m */,
				7082796C11BC5D2200DD66FF /* VTVccXmlDoc.h */,
				7082796D11BC5D2200DD66FF /* VTVccXmlDoc.m */,
				7082797211BC5E4800DD66FF /* VTVccRootElement.h */,
				7082797311BC5E4800DD66FF /* VTVccRootElement.m */,
				708278C111BB513E00DD66FF /* VTCapturedTrackElement.h */,
				708278C211BB513E00DD66FF /* VTCapturedTrackElement.m */,
				7082782B11BAF81D00DD66FF /* VTDeviceInfoElement.h */,
				7082782C11BAF81D00DD66FF /* VTDeviceInfoElement.m */,
				7082777511B8EDF100DD66FF /* VTBoundaryElement.h */,
				7082777611B8EDF100DD66FF /* VTBoundaryElement.m */,
				7082773311B8B88000DD66FF /* VTTrackpointsElement.h */,
				7082773411B8B88000DD66FF /* VTTrackpointsElement.m */,
				708274EF11B5D01300DD66FF /* VTTrackpointElement.h */,
				708274F011B5D01300DD66FF /* VTTrackpointElement.m */,
				7082784811BB01D400DD66FF /* VTXmlDate.h */,
				7082784911BB01D400DD66FF /* VTXmlDate.m */,
			);
			name = XML;
			sourceTree = "<group>";
		};
		ED21C5D30F64779E002BE074 /* View */ = {
			isa = PBXGroup;
			children = (
				EDF7261C0F3E274E00E503AE /* VTAppDelegate.h */,
				EDF7261D0F3E274E00E503AE /* VTAppDelegate.m */,
				709C839A11AD1A4100663AFB /* MainWindowController.h */,
				709C839B11AD1A4100663AFB /* MainWindowController.m */,
				7023A9EB11ACE1CC00975EC0 /* TrackLogViewController.h */,
				7023A9EC11ACE1CC00975EC0 /* TrackLogViewController.m */,
				7023AA2911ACFA0300975EC0 /* TrackFileViewController.h */,
				7023AA2A11ACFA0300975EC0 /* TrackFileViewController.m */,
				70135D3411D082A50046A8BF /* DeviceSettingsController.h */,
				70135D3511D082A50046A8BF /* DeviceSettingsController.m */,
				701360A611D930C90046A8BF /* VTDeviceSettingMenu.h */,
				701360A711D930C90046A8BF /* VTDeviceSettingMenu.m */,
				70135ECF11D825D90046A8BF /* VTDeviceSettingValue.h */,
				70135ED011D825D90046A8BF /* VTDeviceSettingValue.m */,
				70135EE311D8359F0046A8BF /* VTDeclinationValue.h */,
				70135EE411D8359F0046A8BF /* VTDeclinationValue.m */,
			);
			name = View;
			sourceTree = "<group>";
		};
		ED2A015D0F339B6A005C0CE0 /* Communication */ = {
			isa = PBXGroup;
			children = (
				ED6C71710F09A8AB00BF3260 /* ftd2xx */,
				ED2B25000F261CAB00A5EDDB /* VTGlobals.h */,
				ED2B25010F261CAB00A5EDDB /* VTGlobals.m */,
				ED2A015E0F339B8F005C0CE0 /* VTConnection.h */,
				ED2A015F0F339B8F005C0CE0 /* VTConnection.m */,
				EDA9F3FF0F16B638004112D5 /* VTCommand.h */,
				EDA9F4000F16B638004112D5 /* VTCommand.m */,
				70FBA0C21161A477005BE3B4 /* VTRecord.h */,
				70FBA0C31161A477005BE3B4 /* VTRecord.m */,
				ED4B99C60F1548A000AF563B /* VTDevice.h */,
				ED4B99C70F1548A000AF563B /* VTDevice.m */,
				ED4B9A570F155F8700AF563B /* VTDeviceLoader.h */,
				ED4B9A580F155F8700AF563B /* VTDeviceLoader.m */,
				709C86B611AF73C100663AFB /* VTTrackFromDevice.h */,
				709C86B711AF73C100663AFB /* VTTrackFromDevice.m */,
				70A6B83C11C4658200662C55 /* VTTrackDownloadOperation.h */,
				70A6B83D11C4658200662C55 /* VTTrackDownloadOperation.m */,
				701363AA11D9D4030046A8BF /* VTFirmwareUpdateOperation.h */,
				701363AB11D9D4030046A8BF /* VTFirmwareUpdateOperation.m */,
				7009C76811BF52FF0076DB4D /* VTProgressTracker.h */,
				7009C76911BF52FF0076DB4D /* VTProgressTracker.m */,
				7080F18D115D7DA50013C9C3 /* VTFloat.h */,
				7080F18E115D7DA50013C9C3 /* VTFloat.m */,
				7080EFD3115C35D00013C9C3 /* VTDateTime.h */,
				7080EFD4115C35D00013C9C3 /* VTDateTime.m */,
				70FB5CF21171ADE6009E2E8C /* VTFirmwareFile.h */,
				70FB5CF31171ADE6009E2E8C /* VTFirmwareFile.m */,
				095981FE1D624BE000B9D190 /* VTDefines.h */,
				095981FF1D624BE000B9D190 /* VTDefines.m */,
			);
			name = Communication;
			sourceTree = "<group>";
		};
		ED6C71710F09A8AB00BF3260 /* ftd2xx */ = {
			isa = PBXGroup;
			children = (
				ED6505FE0F099EFE0018D068 /* ftd2xx.h */,
				ED6C716F0F09A89D00BF3260 /* WinTypes.h */,
			);
			name = ftd2xx;
			sourceTree = "<group>";
		};
		EDE897E21158CD82009E8151 /* CmdLine */ = {
			isa = PBXGroup;
			children = (
				EDE897E31158CDCF009E8151 /* tool.m */,
			);
			name = CmdLine;
			sourceTree = "<group>";
		};
		EDF727250F4234B700E503AE /* images */ = {
			isa = PBXGroup;
			children = (
				EDF726C10F422E1D00E503AE /* SpeedPuck.icns */,
				EDF726E40F42318F00E503AE /* SC1.jpg */,
				EDF726E30F42318F00E503AE /* S10.jpg */,
			);
			name = images;
			sourceTree = "<group>";
		};
/* End PBXGroup section */

/* Begin PBXNativeTarget section */
		8D1107260486CEB800E47090 /* Velocitek Control Center */ = {
			isa = PBXNativeTarget;
			buildConfigurationList = C01FCF4A08A954540054247B /* Build configuration list for PBXNativeTarget "Velocitek Control Center" */;
			buildPhases = (
				8D1107290486CEB800E47090 /* Resources */,
				EDB756F11236BCD700B9A1A4 /* Copy Frameworks */,
				8D11072C0486CEB800E47090 /* Sources */,
				8D11072E0486CEB800E47090 /* Frameworks */,
			);
			buildRules = (
			);
			dependencies = (
			);
			name = "Velocitek Control Center";
			productInstallPath = "$(HOME)/Applications";
			productName = Velocitool;
			productReference = 8D1107320486CEB800E47090 /* Velocitek Control Center.app */;
			productType = "com.apple.product-type.application";
		};
		EDE897D91158CD2D009E8151 /* Tool */ = {
			isa = PBXNativeTarget;
			buildConfigurationList = EDE897DF1158CD4D009E8151 /* Build configuration list for PBXNativeTarget "Tool" */;
			buildPhases = (
				EDE897D71158CD2D009E8151 /* Sources */,
				EDE897D81158CD2D009E8151 /* Frameworks */,
				7086E29411F531DB00EEC381 /* CopyFiles */,
			);
			buildRules = (
			);
			dependencies = (
			);
			name = Tool;
			productName = Tool;
			productReference = EDE897DA1158CD2D009E8151 /* Tool */;
			productType = "com.apple.product-type.tool";
		};
/* End PBXNativeTarget section */

/* Begin PBXProject section */
		29B97313FDCFA39411CA2CEA /* Project object */ = {
			isa = PBXProject;
			attributes = {
				LastUpgradeCheck = 0730;
				TargetAttributes = {
					8D1107260486CEB800E47090 = {
						DevelopmentTeam = 4RQWHVTUNE;
					};
				};
			};
			buildConfigurationList = C01FCF4E08A954540054247B /* Build configuration list for PBXProject "Velocitek Control Center" */;
			compatibilityVersion = "Xcode 3.2";
			developmentRegion = English;
			hasScannedForEncodings = 1;
			knownRegions = (
				English,
				Japanese,
				French,
				German,
			);
			mainGroup = 29B97314FDCFA39411CA2CEA /* Velocitool */;
			projectDirPath = "";
			projectRoot = "";
			targets = (
				8D1107260486CEB800E47090 /* Velocitek Control Center */,
				EDE897D91158CD2D009E8151 /* Tool */,
			);
		};
/* End PBXProject section */

/* Begin PBXResourcesBuildPhase section */
		8D1107290486CEB800E47090 /* Resources */ = {
			isa = PBXResourcesBuildPhase;
			buildActionMask = 2147483647;
			files = (
				ED80A45F1C4A57A9003DF999 /* libftd2xx.1.2.2.dylib in Resources */,
				8D11072B0486CEB800E47090 /* InfoPlist.strings in Resources */,
				77C8C1F90C07829500965286 /* MainMenu.xib in Resources */,
				EDFC3EF70EF81CCF00E1DD2F /* dsa_pub.pem in Resources */,
				47FD75671D88944C00DEEE0E /* GPS-Action-Replay.app in Resources */,
				EDFC3F4E0EF88A5A00E1DD2F /* velocitool.icns in Resources */,
				EDF726C20F422E1D00E503AE /* SpeedPuck.icns in Resources */,
				EDF726E50F42318F00E503AE /* S10.jpg in Resources */,
				EDF726E60F42318F00E503AE /* SC1.jpg in Resources */,
				ED3976741C427AEB00147C1F /* README.md in Resources */,
				7023A9F111ACE36400975EC0 /* TrackLogView.xib in Resources */,
				7023AA2F11ACFB9B00975EC0 /* TrackFileView.xib in Resources */,
				709C83BB11AD1CBE00663AFB /* MainWindow.xib in Resources */,
				70135D3D11D0832C0046A8BF /* DeviceSettings.xib in Resources */,
				47535E861D90987D00512DF3 /* post-build-script.txt in Resources */,
				7086DAB111EE89FB00EEC381 /* TrackpointsToKml.xslt in Resources */,
				7086DABE11EF96AF00EEC381 /* TrackpointsToGpx.xslt in Resources */,
			);
			runOnlyForDeploymentPostprocessing = 0;
		};
/* End PBXResourcesBuildPhase section */

/* Begin PBXSourcesBuildPhase section */
		8D11072C0486CEB800E47090 /* Sources */ = {
			isa = PBXSourcesBuildPhase;
			buildActionMask = 2147483647;
			files = (
				8D11072D0486CEB800E47090 /* main.m in Sources */,
				ED4B99C80F1548A000AF563B /* VTDevice.m in Sources */,
				ED4B9A590F155F8700AF563B /* VTDeviceLoader.m in Sources */,
				EDA9F4020F16B638004112D5 /* VTCommand.m in Sources */,
				ED2B25030F261CAB00A5EDDB /* VTGlobals.m in Sources */,
				ED2A01610F339B8F005C0CE0 /* VTConnection.m in Sources */,
				EDF7261E0F3E274E00E503AE /* VTAppDelegate.m in Sources */,
				7080EFD6115C35D00013C9C3 /* VTDateTime.m in Sources */,
				7080F18F115D7DA50013C9C3 /* VTFloat.m in Sources */,
				70FBA0C41161A477005BE3B4 /* VTRecord.m in Sources */,
				70FB5CF41171ADE6009E2E8C /* VTFirmwareFile.m in Sources */,
				7023A9ED11ACE1CC00975EC0 /* TrackLogViewController.m in Sources */,
				7023AA2B11ACFA0300975EC0 /* TrackFileViewController.m in Sources */,
				709C839C11AD1A4100663AFB /* MainWindowController.m in Sources */,
				095982001D624BE000B9D190 /* VTDefines.m in Sources */,
				709C86B811AF73C100663AFB /* VTTrackFromDevice.m in Sources */,
				708274F111B5D01300DD66FF /* VTTrackpointElement.m in Sources */,
				7082773511B8B88000DD66FF /* VTTrackpointsElement.m in Sources */,
				7082777811B8EDF100DD66FF /* VTBoundaryElement.m in Sources */,
				7082782E11BAF81D00DD66FF /* VTDeviceInfoElement.m in Sources */,
				7082784B11BB01D400DD66FF /* VTXmlDate.m in Sources */,
				708278C411BB513E00DD66FF /* VTCapturedTrackElement.m in Sources */,
				7082796F11BC5D2200DD66FF /* VTVccXmlDoc.m in Sources */,
				7082797511BC5E4800DD66FF /* VTVccRootElement.m in Sources */,
				7009C76B11BF52FF0076DB4D /* VTProgressTracker.m in Sources */,
				70A6B83F11C4658200662C55 /* VTTrackDownloadOperation.m in Sources */,
				70DDE81111C9ADFC00762CE2 /* VTVccFile.m in Sources */,
				70135D3711D082A50046A8BF /* DeviceSettingsController.m in Sources */,
				70135ED111D825D90046A8BF /* VTDeviceSettingValue.m in Sources */,
				70135EE511D8359F0046A8BF /* VTDeclinationValue.m in Sources */,
				701360A811D930C90046A8BF /* VTDeviceSettingMenu.m in Sources */,
				701363AD11D9D4030046A8BF /* VTFirmwareUpdateOperation.m in Sources */,
			);
			runOnlyForDeploymentPostprocessing = 0;
		};
		EDE897D71158CD2D009E8151 /* Sources */ = {
			isa = PBXSourcesBuildPhase;
			buildActionMask = 2147483647;
			files = (
				478CE9861D99AB1900DAD61A /* VTDateTime.m in Sources */,
				EDE897E61158CE3A009E8151 /* VTGlobals.m in Sources */,
				EDE897E41158CDCF009E8151 /* tool.m in Sources */,
			);
			runOnlyForDeploymentPostprocessing = 0;
		};
/* End PBXSourcesBuildPhase section */

/* Begin PBXVariantGroup section */
		089C165CFE840E0CC02AAC07 /* InfoPlist.strings */ = {
			isa = PBXVariantGroup;
			children = (
				089C165DFE840E0CC02AAC07 /* English */,
			);
			name = InfoPlist.strings;
			sourceTree = "<group>";
		};
		7080EDF61159AA510013C9C3 /* libftd2xx.0.1.7.dylib */ = {
			isa = PBXVariantGroup;
			children = (
				ED6505F90F099EDD0018D068 /* libftd2xx.0.1.7.dylib */,
			);
			name = libftd2xx.0.1.7.dylib;
			sourceTree = SOURCE_ROOT;
		};
		77C8C1F70C07829500965286 /* MainMenu.xib */ = {
			isa = PBXVariantGroup;
			children = (
				77C8C1F80C07829500965286 /* English */,
			);
			name = MainMenu.xib;
			sourceTree = "<group>";
		};
/* End PBXVariantGroup section */

/* Begin XCBuildConfiguration section */
		C01FCF4B08A954540054247B /* Debug */ = {
			isa = XCBuildConfiguration;
			buildSettings = {
				CLANG_ENABLE_OBJC_ARC = YES;
				CODE_SIGN_IDENTITY = "Developer ID Application";
				COMBINE_HIDPI_IMAGES = YES;
				COPY_PHASE_STRIP = NO;
				CURRENT_PROJECT_VERSION = 17;
				FRAMEWORK_SEARCH_PATHS = (
					"$(SRCROOT)",
					"$(inherited)",
					"$(PROJECT_DIR)",
					"$(PROJECT_DIR)/Carthage/Build/Mac",
				);
				GCC_DYNAMIC_NO_PIC = NO;
				GCC_ENABLE_FIX_AND_CONTINUE = YES;
				GCC_MODEL_TUNING = G5;
				GCC_OPTIMIZATION_LEVEL = 0;
				GCC_PRECOMPILE_PREFIX_HEADER = YES;
				GCC_PREFIX_HEADER = Velocitool_Prefix.pch;
				"GCC_PREPROCESSOR_DEFINITIONS[arch=*]" = "DEBUG=1";
				GCC_TREAT_IMPLICIT_FUNCTION_DECLARATIONS_AS_ERRORS = YES;
				GCC_TREAT_NONCONFORMANT_CODE_ERRORS_AS_WARNINGS = YES;
				GCC_WARN_64_TO_32_BIT_CONVERSION = YES;
				GCC_WARN_ABOUT_MISSING_NEWLINE = YES;
				GCC_WARN_ABOUT_MISSING_PROTOTYPES = YES;
				GCC_WARN_CHECK_SWITCH_STATEMENTS = YES;
				GCC_WARN_EFFECTIVE_CPLUSPLUS_VIOLATIONS = YES;
				GCC_WARN_FOUR_CHARACTER_CONSTANTS = YES;
				GCC_WARN_HIDDEN_VIRTUAL_FUNCTIONS = YES;
				GCC_WARN_INHIBIT_ALL_WARNINGS = NO;
				GCC_WARN_INITIALIZER_NOT_FULLY_BRACKETED = YES;
				GCC_WARN_MISSING_PARENTHESES = YES;
				GCC_WARN_NON_VIRTUAL_DESTRUCTOR = YES;
				GCC_WARN_PEDANTIC = NO;
				GCC_WARN_PROTOTYPE_CONVERSION = NO;
				GCC_WARN_SHADOW = YES;
				GCC_WARN_SIGN_COMPARE = YES;
				GCC_WARN_TYPECHECK_CALLS_TO_PRINTF = YES;
				GCC_WARN_UNINITIALIZED_AUTOS = NO;
				GCC_WARN_UNKNOWN_PRAGMAS = YES;
				GCC_WARN_UNUSED_FUNCTION = YES;
				GCC_WARN_UNUSED_LABEL = YES;
				GCC_WARN_UNUSED_PARAMETER = NO;
				GCC_WARN_UNUSED_VALUE = YES;
				INFOPLIST_FILE = Info.plist;
				INSTALL_PATH = "$(HOME)/Applications";
				LD_RUNPATH_SEARCH_PATHS = "@loader_path/../Frameworks @executable_path/../Frameworks";
				LIBRARY_SEARCH_PATHS = (
					"$(inherited)",
					"\"$(SRCROOT)\"",
				);
				MACOSX_DEPLOYMENT_TARGET = 10.8;
				PRODUCT_BUNDLE_IDENTIFIER = com.velocitek.velocitekcontrolcenter;
				PRODUCT_NAME = "Velocitek Control Center";
				SDKROOT = macosx;
				VERSIONING_SYSTEM = "apple-generic";
				WRAPPER_EXTENSION = app;
				ZERO_LINK = YES;
			};
			name = Debug;
		};
		C01FCF4C08A954540054247B /* Release */ = {
			isa = XCBuildConfiguration;
			buildSettings = {
				CLANG_ENABLE_OBJC_ARC = YES;
				CODE_SIGN_IDENTITY = "Developer ID Application";
				COMBINE_HIDPI_IMAGES = YES;
				CURRENT_PROJECT_VERSION = 17;
				DEBUG_INFORMATION_FORMAT = "dwarf-with-dsym";
				FRAMEWORK_SEARCH_PATHS = (
					"$(inherited)",
					"$(SRCROOT)",
					"$(PROJECT_DIR)",
					"$(PROJECT_DIR)/Carthage/Build/Mac",
				);
				GCC_MODEL_TUNING = G5;
				GCC_PRECOMPILE_PREFIX_HEADER = YES;
				GCC_PREFIX_HEADER = Velocitool_Prefix.pch;
				"GCC_PREPROCESSOR_DEFINITIONS[arch=*]" = "RELEASE=1";
				GCC_TREAT_IMPLICIT_FUNCTION_DECLARATIONS_AS_ERRORS = YES;
				GCC_TREAT_NONCONFORMANT_CODE_ERRORS_AS_WARNINGS = YES;
				GCC_WARN_64_TO_32_BIT_CONVERSION = YES;
				GCC_WARN_ABOUT_MISSING_NEWLINE = YES;
				GCC_WARN_ABOUT_MISSING_PROTOTYPES = YES;
				GCC_WARN_CHECK_SWITCH_STATEMENTS = YES;
				GCC_WARN_EFFECTIVE_CPLUSPLUS_VIOLATIONS = YES;
				GCC_WARN_FOUR_CHARACTER_CONSTANTS = YES;
				GCC_WARN_HIDDEN_VIRTUAL_FUNCTIONS = YES;
				GCC_WARN_INHIBIT_ALL_WARNINGS = NO;
				GCC_WARN_INITIALIZER_NOT_FULLY_BRACKETED = YES;
				GCC_WARN_MISSING_PARENTHESES = YES;
				GCC_WARN_NON_VIRTUAL_DESTRUCTOR = YES;
				GCC_WARN_PEDANTIC = NO;
				GCC_WARN_PROTOTYPE_CONVERSION = NO;
				GCC_WARN_SHADOW = YES;
				GCC_WARN_SIGN_COMPARE = YES;
				GCC_WARN_TYPECHECK_CALLS_TO_PRINTF = YES;
				GCC_WARN_UNINITIALIZED_AUTOS = YES;
				GCC_WARN_UNKNOWN_PRAGMAS = YES;
				GCC_WARN_UNUSED_FUNCTION = YES;
				GCC_WARN_UNUSED_LABEL = YES;
				GCC_WARN_UNUSED_PARAMETER = NO;
				GCC_WARN_UNUSED_VALUE = YES;
				INFOPLIST_FILE = Info.plist;
				INSTALL_PATH = "$(HOME)/Applications";
				LD_RUNPATH_SEARCH_PATHS = "@loader_path/../Frameworks @executable_path/../Frameworks";
				LIBRARY_SEARCH_PATHS = (
					"$(inherited)",
					"\"$(SRCROOT)\"",
				);
				MACOSX_DEPLOYMENT_TARGET = 10.8;
				PRODUCT_BUNDLE_IDENTIFIER = com.velocitek.velocitekcontrolcenter;
				PRODUCT_NAME = "Velocitek Control Center";
				SDKROOT = macosx;
				VERSIONING_SYSTEM = "apple-generic";
				WRAPPER_EXTENSION = app;
			};
			name = Release;
		};
		C01FCF4F08A954540054247B /* Debug */ = {
			isa = XCBuildConfiguration;
			buildSettings = {
				CLANG_ENABLE_MODULES = YES;
				ENABLE_TESTABILITY = YES;
				GCC_WARN_ABOUT_RETURN_TYPE = YES;
				GCC_WARN_UNUSED_VARIABLE = YES;
				MACOSX_DEPLOYMENT_TARGET = 10.6;
				ONLY_ACTIVE_ARCH = YES;
				PREBINDING = NO;
				SDKROOT = macosx;
			};
			name = Debug;
		};
		C01FCF5008A954540054247B /* Release */ = {
			isa = XCBuildConfiguration;
			buildSettings = {
				CLANG_ENABLE_MODULES = YES;
				GCC_WARN_ABOUT_RETURN_TYPE = YES;
				GCC_WARN_UNUSED_VARIABLE = YES;
				MACOSX_DEPLOYMENT_TARGET = 10.6;
				PREBINDING = NO;
				SDKROOT = macosx;
			};
			name = Release;
		};
		EDE897DC1158CD2F009E8151 /* Debug */ = {
			isa = XCBuildConfiguration;
			buildSettings = {
				ALWAYS_SEARCH_USER_PATHS = NO;
				COPY_PHASE_STRIP = NO;
				FRAMEWORK_SEARCH_PATHS = (
					"$(inherited)",
					"\"$(SRCROOT)\"",
				);
				GCC_DYNAMIC_NO_PIC = NO;
				GCC_ENABLE_FIX_AND_CONTINUE = YES;
				GCC_MODEL_TUNING = G5;
				GCC_OPTIMIZATION_LEVEL = 0;
				GCC_PRECOMPILE_PREFIX_HEADER = YES;
				GCC_PREFIX_HEADER = "$(SYSTEM_LIBRARY_DIR)/Frameworks/AppKit.framework/Headers/AppKit.h";
				GCC_WARN_64_TO_32_BIT_CONVERSION = YES;
				GCC_WARN_ABOUT_DEPRECATED_FUNCTIONS = YES;
				GCC_WARN_ABOUT_MISSING_FIELD_INITIALIZERS = YES;
				GCC_WARN_ABOUT_MISSING_NEWLINE = YES;
				GCC_WARN_ABOUT_MISSING_PROTOTYPES = NO;
				GCC_WARN_CHECK_SWITCH_STATEMENTS = YES;
				GCC_WARN_FOUR_CHARACTER_CONSTANTS = YES;
				GCC_WARN_INITIALIZER_NOT_FULLY_BRACKETED = YES;
				GCC_WARN_MISSING_PARENTHESES = YES;
				GCC_WARN_MULTIPLE_DEFINITION_TYPES_FOR_SELECTOR = NO;
				GCC_WARN_SHADOW = YES;
				GCC_WARN_SIGN_COMPARE = YES;
				GCC_WARN_STRICT_SELECTOR_MATCH = NO;
				GCC_WARN_UNDECLARED_SELECTOR = YES;
				GCC_WARN_UNINITIALIZED_AUTOS = NO;
				GCC_WARN_UNUSED_FUNCTION = YES;
				GCC_WARN_UNUSED_LABEL = YES;
				GCC_WARN_UNUSED_PARAMETER = NO;
				GCC_WARN_UNUSED_VALUE = YES;
				INSTALL_PATH = /usr/local/bin;
				LIBRARY_SEARCH_PATHS = "$(inherited)";
				OTHER_LDFLAGS = (
					"-framework",
					Foundation,
					"-framework",
					AppKit,
				);
				PREBINDING = NO;
				PRODUCT_NAME = Tool;
				SDKROOT = macosx;
				VERSIONING_SYSTEM = "apple-generic";
			};
			name = Debug;
		};
		EDE897DD1158CD2F009E8151 /* Release */ = {
			isa = XCBuildConfiguration;
			buildSettings = {
				ALWAYS_SEARCH_USER_PATHS = NO;
				COPY_PHASE_STRIP = YES;
				DEBUG_INFORMATION_FORMAT = "dwarf-with-dsym";
				FRAMEWORK_SEARCH_PATHS = (
					"$(inherited)",
					"\"$(SRCROOT)\"",
					"\"$(SRCROOT)/../Frameworks\"",
				);
				GCC_ENABLE_FIX_AND_CONTINUE = NO;
				GCC_MODEL_TUNING = G5;
				GCC_PRECOMPILE_PREFIX_HEADER = YES;
				GCC_PREFIX_HEADER = "$(SYSTEM_LIBRARY_DIR)/Frameworks/AppKit.framework/Headers/AppKit.h";
				GCC_WARN_64_TO_32_BIT_CONVERSION = YES;
				GCC_WARN_ABOUT_MISSING_FIELD_INITIALIZERS = YES;
				GCC_WARN_ABOUT_MISSING_NEWLINE = YES;
				GCC_WARN_ABOUT_MISSING_PROTOTYPES = NO;
				GCC_WARN_CHECK_SWITCH_STATEMENTS = YES;
				GCC_WARN_FOUR_CHARACTER_CONSTANTS = YES;
				GCC_WARN_INITIALIZER_NOT_FULLY_BRACKETED = YES;
				GCC_WARN_MISSING_PARENTHESES = YES;
				GCC_WARN_MULTIPLE_DEFINITION_TYPES_FOR_SELECTOR = NO;
				GCC_WARN_SHADOW = YES;
				GCC_WARN_SIGN_COMPARE = YES;
				GCC_WARN_STRICT_SELECTOR_MATCH = NO;
				GCC_WARN_UNDECLARED_SELECTOR = YES;
				GCC_WARN_UNINITIALIZED_AUTOS = YES;
				GCC_WARN_UNUSED_FUNCTION = YES;
				GCC_WARN_UNUSED_LABEL = YES;
				GCC_WARN_UNUSED_PARAMETER = NO;
				GCC_WARN_UNUSED_VALUE = YES;
				INSTALL_PATH = /usr/local/bin;
				LIBRARY_SEARCH_PATHS = (
					"$(inherited)",
					"\"$(SRCROOT)/../../../../../Code/sandbox/command_line_tool/speedtrack\"",
				);
				OTHER_LDFLAGS = (
					"-framework",
					Foundation,
					"-framework",
					AppKit,
				);
				PREBINDING = YES;
				PRODUCT_NAME = Tool;
				RUN_CLANG_STATIC_ANALYZER = YES;
				SDKROOT = macosx;
				VALIDATE_PRODUCT = YES;
				VERSIONING_SYSTEM = "apple-generic";
				ZERO_LINK = NO;
			};
			name = Release;
		};
/* End XCBuildConfiguration section */

/* Begin XCConfigurationList section */
		C01FCF4A08A954540054247B /* Build configuration list for PBXNativeTarget "Velocitek Control Center" */ = {
			isa = XCConfigurationList;
			buildConfigurations = (
				C01FCF4B08A954540054247B /* Debug */,
				C01FCF4C08A954540054247B /* Release */,
			);
			defaultConfigurationIsVisible = 0;
			defaultConfigurationName = Release;
		};
		C01FCF4E08A954540054247B /* Build configuration list for PBXProject "Velocitek Control Center" */ = {
			isa = XCConfigurationList;
			buildConfigurations = (
				C01FCF4F08A954540054247B /* Debug */,
				C01FCF5008A954540054247B /* Release */,
			);
			defaultConfigurationIsVisible = 0;
			defaultConfigurationName = Release;
		};
		EDE897DF1158CD4D009E8151 /* Build configuration list for PBXNativeTarget "Tool" */ = {
			isa = XCConfigurationList;
			buildConfigurations = (
				EDE897DC1158CD2F009E8151 /* Debug */,
				EDE897DD1158CD2F009E8151 /* Release */,
			);
			defaultConfigurationIsVisible = 0;
			defaultConfigurationName = Release;
		};
/* End XCConfigurationList section */
	};
	rootObject = 29B97313FDCFA39411CA2CEA /* Project object */;
}
